// !$*UTF8*$!
{
	archiveVersion = 1;
	classes = {
	};
	objectVersion = 56;
	objects = {

/* Begin PBXBuildFile section */
		9FBFF74F2A12E6C300286E89 /* AppDelegate.swift in Sources */ = {isa = PBXBuildFile; fileRef = 9FBFF74E2A12E6C300286E89 /* AppDelegate.swift */; };
		9FBFF7512A12E6C300286E89 /* SceneDelegate.swift in Sources */ = {isa = PBXBuildFile; fileRef = 9FBFF7502A12E6C300286E89 /* SceneDelegate.swift */; };
		9FBFF7532A12E6C300286E89 /* ViewController.swift in Sources */ = {isa = PBXBuildFile; fileRef = 9FBFF7522A12E6C300286E89 /* ViewController.swift */; };
		9FBFF7582A12E6C400286E89 /* Assets.xcassets in Resources */ = {isa = PBXBuildFile; fileRef = 9FBFF7572A12E6C400286E89 /* Assets.xcassets */; };
		9FBFF75B2A12E6C400286E89 /* LaunchScreen.storyboard in Resources */ = {isa = PBXBuildFile; fileRef = 9FBFF7592A12E6C400286E89 /* LaunchScreen.storyboard */; };
		9FBFF7662A12E6C400286E89 /* BreedsProjectTests.swift in Sources */ = {isa = PBXBuildFile; fileRef = 9FBFF7652A12E6C400286E89 /* BreedsProjectTests.swift */; };
		9FBFF7702A12E6C500286E89 /* BreedsProjectUITests.swift in Sources */ = {isa = PBXBuildFile; fileRef = 9FBFF76F2A12E6C500286E89 /* BreedsProjectUITests.swift */; };
		9FBFF7722A12E6C500286E89 /* BreedsProjectUITestsLaunchTests.swift in Sources */ = {isa = PBXBuildFile; fileRef = 9FBFF7712A12E6C500286E89 /* BreedsProjectUITestsLaunchTests.swift */; };
		9FBFF78A2A13D16500286E89 /* CoreDependencies.swift in Sources */ = {isa = PBXBuildFile; fileRef = 9FBFF7892A13D16500286E89 /* CoreDependencies.swift */; };
		9FBFF78C2A13D17A00286E89 /* Navigator.swift in Sources */ = {isa = PBXBuildFile; fileRef = 9FBFF78B2A13D17A00286E89 /* Navigator.swift */; };
		9FBFF7912A13D1AA00286E89 /* ViewControllersFactory.swift in Sources */ = {isa = PBXBuildFile; fileRef = 9FBFF7902A13D1AA00286E89 /* ViewControllersFactory.swift */; };
		9FBFF7932A13D22900286E89 /* NetworkManager.swift in Sources */ = {isa = PBXBuildFile; fileRef = 9FBFF7922A13D22900286E89 /* NetworkManager.swift */; };
		9FBFF7962A13D25100286E89 /* ImageCache.swift in Sources */ = {isa = PBXBuildFile; fileRef = 9FBFF7952A13D25100286E89 /* ImageCache.swift */; };
		9FBFF79A2A13D3FA00286E89 /* NavigationProtocols.swift in Sources */ = {isa = PBXBuildFile; fileRef = 9FBFF7992A13D3FA00286E89 /* NavigationProtocols.swift */; };
		9FBFF79C2A13D66C00286E89 /* BreedsViewController.swift in Sources */ = {isa = PBXBuildFile; fileRef = 9FBFF79B2A13D66C00286E89 /* BreedsViewController.swift */; };
		9FBFF79E2A13D67E00286E89 /* BreedsViewModel.swift in Sources */ = {isa = PBXBuildFile; fileRef = 9FBFF79D2A13D67E00286E89 /* BreedsViewModel.swift */; };
		9FBFF7A02A13DA8C00286E89 /* BreedsSearchViewController.swift in Sources */ = {isa = PBXBuildFile; fileRef = 9FBFF79F2A13DA8C00286E89 /* BreedsSearchViewController.swift */; };
		9FBFF7A22A13DAA100286E89 /* BreedsSearchViewModel.swift in Sources */ = {isa = PBXBuildFile; fileRef = 9FBFF7A12A13DAA100286E89 /* BreedsSearchViewModel.swift */; };
		9FBFF7A42A15375900286E89 /* BreedModel.swift in Sources */ = {isa = PBXBuildFile; fileRef = 9FBFF7A32A15375900286E89 /* BreedModel.swift */; };
		9FBFF7A62A1573E700286E89 /* ImageModel.swift in Sources */ = {isa = PBXBuildFile; fileRef = 9FBFF7A52A1573E700286E89 /* ImageModel.swift */; };
		9FBFF7A82A157A0400286E89 /* NetworkManager+Resources.swift in Sources */ = {isa = PBXBuildFile; fileRef = 9FBFF7A72A157A0400286E89 /* NetworkManager+Resources.swift */; };
		9FBFF7AA2A157FDD00286E89 /* ListCell.swift in Sources */ = {isa = PBXBuildFile; fileRef = 9FBFF7A92A157FDD00286E89 /* ListCell.swift */; };
		9FBFF7AC2A157FEE00286E89 /* GridCell.swift in Sources */ = {isa = PBXBuildFile; fileRef = 9FBFF7AB2A157FEE00286E89 /* GridCell.swift */; };
		9FBFF7AF2A15846500286E89 /* UIView+AutoLayout.swift in Sources */ = {isa = PBXBuildFile; fileRef = 9FBFF7AE2A15846500286E89 /* UIView+AutoLayout.swift */; };
		9FBFF7B12A1584B500286E89 /* ImageDownloadManager.swift in Sources */ = {isa = PBXBuildFile; fileRef = 9FBFF7B02A1584B500286E89 /* ImageDownloadManager.swift */; };
/* End PBXBuildFile section */

/* Begin PBXContainerItemProxy section */
		9FBFF7622A12E6C400286E89 /* PBXContainerItemProxy */ = {
			isa = PBXContainerItemProxy;
			containerPortal = 9FBFF7432A12E6C300286E89 /* Project object */;
			proxyType = 1;
			remoteGlobalIDString = 9FBFF74A2A12E6C300286E89;
			remoteInfo = BreedsProject;
		};
		9FBFF76C2A12E6C500286E89 /* PBXContainerItemProxy */ = {
			isa = PBXContainerItemProxy;
			containerPortal = 9FBFF7432A12E6C300286E89 /* Project object */;
			proxyType = 1;
			remoteGlobalIDString = 9FBFF74A2A12E6C300286E89;
			remoteInfo = BreedsProject;
		};
/* End PBXContainerItemProxy section */

/* Begin PBXFileReference section */
		9FBFF74B2A12E6C300286E89 /* BreedsProject.app */ = {isa = PBXFileReference; explicitFileType = wrapper.application; includeInIndex = 0; path = BreedsProject.app; sourceTree = BUILT_PRODUCTS_DIR; };
		9FBFF74E2A12E6C300286E89 /* AppDelegate.swift */ = {isa = PBXFileReference; lastKnownFileType = sourcecode.swift; path = AppDelegate.swift; sourceTree = "<group>"; };
		9FBFF7502A12E6C300286E89 /* SceneDelegate.swift */ = {isa = PBXFileReference; lastKnownFileType = sourcecode.swift; path = SceneDelegate.swift; sourceTree = "<group>"; };
		9FBFF7522A12E6C300286E89 /* ViewController.swift */ = {isa = PBXFileReference; lastKnownFileType = sourcecode.swift; path = ViewController.swift; sourceTree = "<group>"; };
		9FBFF7572A12E6C400286E89 /* Assets.xcassets */ = {isa = PBXFileReference; lastKnownFileType = folder.assetcatalog; path = Assets.xcassets; sourceTree = "<group>"; };
		9FBFF75A2A12E6C400286E89 /* Base */ = {isa = PBXFileReference; lastKnownFileType = file.storyboard; name = Base; path = Base.lproj/LaunchScreen.storyboard; sourceTree = "<group>"; };
		9FBFF75C2A12E6C400286E89 /* Info.plist */ = {isa = PBXFileReference; lastKnownFileType = text.plist.xml; path = Info.plist; sourceTree = "<group>"; };
		9FBFF7612A12E6C400286E89 /* BreedsProjectTests.xctest */ = {isa = PBXFileReference; explicitFileType = wrapper.cfbundle; includeInIndex = 0; path = BreedsProjectTests.xctest; sourceTree = BUILT_PRODUCTS_DIR; };
		9FBFF7652A12E6C400286E89 /* BreedsProjectTests.swift */ = {isa = PBXFileReference; lastKnownFileType = sourcecode.swift; path = BreedsProjectTests.swift; sourceTree = "<group>"; };
		9FBFF76B2A12E6C500286E89 /* BreedsProjectUITests.xctest */ = {isa = PBXFileReference; explicitFileType = wrapper.cfbundle; includeInIndex = 0; path = BreedsProjectUITests.xctest; sourceTree = BUILT_PRODUCTS_DIR; };
		9FBFF76F2A12E6C500286E89 /* BreedsProjectUITests.swift */ = {isa = PBXFileReference; lastKnownFileType = sourcecode.swift; path = BreedsProjectUITests.swift; sourceTree = "<group>"; };
		9FBFF7712A12E6C500286E89 /* BreedsProjectUITestsLaunchTests.swift */ = {isa = PBXFileReference; lastKnownFileType = sourcecode.swift; path = BreedsProjectUITestsLaunchTests.swift; sourceTree = "<group>"; };
		9FBFF7892A13D16500286E89 /* CoreDependencies.swift */ = {isa = PBXFileReference; lastKnownFileType = sourcecode.swift; path = CoreDependencies.swift; sourceTree = "<group>"; };
		9FBFF78B2A13D17A00286E89 /* Navigator.swift */ = {isa = PBXFileReference; lastKnownFileType = sourcecode.swift; path = Navigator.swift; sourceTree = "<group>"; };
		9FBFF7902A13D1AA00286E89 /* ViewControllersFactory.swift */ = {isa = PBXFileReference; lastKnownFileType = sourcecode.swift; path = ViewControllersFactory.swift; sourceTree = "<group>"; };
		9FBFF7922A13D22900286E89 /* NetworkManager.swift */ = {isa = PBXFileReference; lastKnownFileType = sourcecode.swift; path = NetworkManager.swift; sourceTree = "<group>"; };
		9FBFF7952A13D25100286E89 /* ImageCache.swift */ = {isa = PBXFileReference; lastKnownFileType = sourcecode.swift; path = ImageCache.swift; sourceTree = "<group>"; };
		9FBFF7992A13D3FA00286E89 /* NavigationProtocols.swift */ = {isa = PBXFileReference; lastKnownFileType = sourcecode.swift; path = NavigationProtocols.swift; sourceTree = "<group>"; };
		9FBFF79B2A13D66C00286E89 /* BreedsViewController.swift */ = {isa = PBXFileReference; lastKnownFileType = sourcecode.swift; path = BreedsViewController.swift; sourceTree = "<group>"; };
		9FBFF79D2A13D67E00286E89 /* BreedsViewModel.swift */ = {isa = PBXFileReference; lastKnownFileType = sourcecode.swift; path = BreedsViewModel.swift; sourceTree = "<group>"; };
		9FBFF79F2A13DA8C00286E89 /* BreedsSearchViewController.swift */ = {isa = PBXFileReference; lastKnownFileType = sourcecode.swift; path = BreedsSearchViewController.swift; sourceTree = "<group>"; };
		9FBFF7A12A13DAA100286E89 /* BreedsSearchViewModel.swift */ = {isa = PBXFileReference; lastKnownFileType = sourcecode.swift; path = BreedsSearchViewModel.swift; sourceTree = "<group>"; };
		9FBFF7A32A15375900286E89 /* BreedModel.swift */ = {isa = PBXFileReference; lastKnownFileType = sourcecode.swift; path = BreedModel.swift; sourceTree = "<group>"; };
		9FBFF7A52A1573E700286E89 /* ImageModel.swift */ = {isa = PBXFileReference; lastKnownFileType = sourcecode.swift; path = ImageModel.swift; sourceTree = "<group>"; };
		9FBFF7A72A157A0400286E89 /* NetworkManager+Resources.swift */ = {isa = PBXFileReference; lastKnownFileType = sourcecode.swift; path = "NetworkManager+Resources.swift"; sourceTree = "<group>"; };
		9FBFF7A92A157FDD00286E89 /* ListCell.swift */ = {isa = PBXFileReference; lastKnownFileType = sourcecode.swift; path = ListCell.swift; sourceTree = "<group>"; };
		9FBFF7AB2A157FEE00286E89 /* GridCell.swift */ = {isa = PBXFileReference; lastKnownFileType = sourcecode.swift; path = GridCell.swift; sourceTree = "<group>"; };
		9FBFF7AE2A15846500286E89 /* UIView+AutoLayout.swift */ = {isa = PBXFileReference; lastKnownFileType = sourcecode.swift; path = "UIView+AutoLayout.swift"; sourceTree = "<group>"; };
		9FBFF7B02A1584B500286E89 /* ImageDownloadManager.swift */ = {isa = PBXFileReference; lastKnownFileType = sourcecode.swift; path = ImageDownloadManager.swift; sourceTree = "<group>"; };
/* End PBXFileReference section */

/* Begin PBXFrameworksBuildPhase section */
		9FBFF7482A12E6C300286E89 /* Frameworks */ = {
			isa = PBXFrameworksBuildPhase;
			buildActionMask = 2147483647;
			files = (
			);
			runOnlyForDeploymentPostprocessing = 0;
		};
		9FBFF75E2A12E6C400286E89 /* Frameworks */ = {
			isa = PBXFrameworksBuildPhase;
			buildActionMask = 2147483647;
			files = (
			);
			runOnlyForDeploymentPostprocessing = 0;
		};
		9FBFF7682A12E6C500286E89 /* Frameworks */ = {
			isa = PBXFrameworksBuildPhase;
			buildActionMask = 2147483647;
			files = (
			);
			runOnlyForDeploymentPostprocessing = 0;
		};
/* End PBXFrameworksBuildPhase section */

/* Begin PBXGroup section */
		9FBFF7422A12E6C300286E89 = {
			isa = PBXGroup;
			children = (
				9FBFF74D2A12E6C300286E89 /* BreedsProject */,
				9FBFF7642A12E6C400286E89 /* BreedsProjectTests */,
				9FBFF76E2A12E6C500286E89 /* BreedsProjectUITests */,
				9FBFF74C2A12E6C300286E89 /* Products */,
			);
			sourceTree = "<group>";
		};
		9FBFF74C2A12E6C300286E89 /* Products */ = {
			isa = PBXGroup;
			children = (
				9FBFF74B2A12E6C300286E89 /* BreedsProject.app */,
				9FBFF7612A12E6C400286E89 /* BreedsProjectTests.xctest */,
				9FBFF76B2A12E6C500286E89 /* BreedsProjectUITests.xctest */,
			);
			name = Products;
			sourceTree = "<group>";
		};
		9FBFF74D2A12E6C300286E89 /* BreedsProject */ = {
			isa = PBXGroup;
			children = (
				9FBFF7AD2A15844A00286E89 /* Extensions */,
				9FBFF7942A13D24000286E89 /* Cache */,
				9FBFF7862A13D12000286E89 /* Views */,
				9FBFF7852A13D11800286E89 /* ViewModels */,
				9FBFF7842A13D10E00286E89 /* ViewControllers */,
				9FBFF7832A13D0F200286E89 /* Dependencies */,
				9FBFF7822A13D0EA00286E89 /* Models */,
				9FBFF7812A13D0C700286E89 /* Network */,
				9FBFF7802A13D0BA00286E89 /* Factories */,
				9FBFF77E2A13D0A000286E89 /* Navigator */,
				9FBFF74E2A12E6C300286E89 /* AppDelegate.swift */,
				9FBFF7502A12E6C300286E89 /* SceneDelegate.swift */,
				9FBFF7522A12E6C300286E89 /* ViewController.swift */,
				9FBFF7572A12E6C400286E89 /* Assets.xcassets */,
				9FBFF7592A12E6C400286E89 /* LaunchScreen.storyboard */,
				9FBFF75C2A12E6C400286E89 /* Info.plist */,
			);
			path = BreedsProject;
			sourceTree = "<group>";
		};
		9FBFF7642A12E6C400286E89 /* BreedsProjectTests */ = {
			isa = PBXGroup;
			children = (
				9FBFF7652A12E6C400286E89 /* BreedsProjectTests.swift */,
			);
			path = BreedsProjectTests;
			sourceTree = "<group>";
		};
		9FBFF76E2A12E6C500286E89 /* BreedsProjectUITests */ = {
			isa = PBXGroup;
			children = (
				9FBFF76F2A12E6C500286E89 /* BreedsProjectUITests.swift */,
				9FBFF7712A12E6C500286E89 /* BreedsProjectUITestsLaunchTests.swift */,
			);
			path = BreedsProjectUITests;
			sourceTree = "<group>";
		};
		9FBFF77E2A13D0A000286E89 /* Navigator */ = {
			isa = PBXGroup;
			children = (
				9FBFF78B2A13D17A00286E89 /* Navigator.swift */,
				9FBFF7992A13D3FA00286E89 /* NavigationProtocols.swift */,
			);
			path = Navigator;
			sourceTree = "<group>";
		};
		9FBFF7802A13D0BA00286E89 /* Factories */ = {
			isa = PBXGroup;
			children = (
				9FBFF7902A13D1AA00286E89 /* ViewControllersFactory.swift */,
			);
			path = Factories;
			sourceTree = "<group>";
		};
		9FBFF7812A13D0C700286E89 /* Network */ = {
			isa = PBXGroup;
			children = (
				9FBFF7922A13D22900286E89 /* NetworkManager.swift */,
				9FBFF7A72A157A0400286E89 /* NetworkManager+Resources.swift */,
				9FBFF7B02A1584B500286E89 /* ImageDownloadManager.swift */,
			);
			path = Network;
			sourceTree = "<group>";
		};
		9FBFF7822A13D0EA00286E89 /* Models */ = {
			isa = PBXGroup;
			children = (
				9FBFF7A32A15375900286E89 /* BreedModel.swift */,
				9FBFF7A52A1573E700286E89 /* ImageModel.swift */,
			);
			path = Models;
			sourceTree = "<group>";
		};
		9FBFF7832A13D0F200286E89 /* Dependencies */ = {
			isa = PBXGroup;
			children = (
				9FBFF7892A13D16500286E89 /* CoreDependencies.swift */,
			);
			path = Dependencies;
			sourceTree = "<group>";
		};
		9FBFF7842A13D10E00286E89 /* ViewControllers */ = {
			isa = PBXGroup;
			children = (
				9FBFF79B2A13D66C00286E89 /* BreedsViewController.swift */,
				9FBFF79F2A13DA8C00286E89 /* BreedsSearchViewController.swift */,
			);
			path = ViewControllers;
			sourceTree = "<group>";
		};
		9FBFF7852A13D11800286E89 /* ViewModels */ = {
			isa = PBXGroup;
			children = (
				9FBFF79D2A13D67E00286E89 /* BreedsViewModel.swift */,
				9FBFF7A12A13DAA100286E89 /* BreedsSearchViewModel.swift */,
			);
			path = ViewModels;
			sourceTree = "<group>";
		};
		9FBFF7862A13D12000286E89 /* Views */ = {
			isa = PBXGroup;
			children = (
				9FBFF7A92A157FDD00286E89 /* ListCell.swift */,
				9FBFF7AB2A157FEE00286E89 /* GridCell.swift */,
			);
			path = Views;
			sourceTree = "<group>";
		};
		9FBFF7942A13D24000286E89 /* Cache */ = {
			isa = PBXGroup;
			children = (
				9FBFF7952A13D25100286E89 /* ImageCache.swift */,
			);
			path = Cache;
			sourceTree = "<group>";
		};
		9FBFF7AD2A15844A00286E89 /* Extensions */ = {
			isa = PBXGroup;
			children = (
				9FBFF7AE2A15846500286E89 /* UIView+AutoLayout.swift */,
			);
			path = Extensions;
			sourceTree = "<group>";
		};
/* End PBXGroup section */

/* Begin PBXNativeTarget section */
		9FBFF74A2A12E6C300286E89 /* BreedsProject */ = {
			isa = PBXNativeTarget;
			buildConfigurationList = 9FBFF7752A12E6C500286E89 /* Build configuration list for PBXNativeTarget "BreedsProject" */;
			buildPhases = (
				9FBFF7472A12E6C300286E89 /* Sources */,
				9FBFF7482A12E6C300286E89 /* Frameworks */,
				9FBFF7492A12E6C300286E89 /* Resources */,
			);
			buildRules = (
			);
			dependencies = (
			);
			name = BreedsProject;
			productName = BreedsProject;
			productReference = 9FBFF74B2A12E6C300286E89 /* BreedsProject.app */;
			productType = "com.apple.product-type.application";
		};
		9FBFF7602A12E6C400286E89 /* BreedsProjectTests */ = {
			isa = PBXNativeTarget;
			buildConfigurationList = 9FBFF7782A12E6C500286E89 /* Build configuration list for PBXNativeTarget "BreedsProjectTests" */;
			buildPhases = (
				9FBFF75D2A12E6C400286E89 /* Sources */,
				9FBFF75E2A12E6C400286E89 /* Frameworks */,
				9FBFF75F2A12E6C400286E89 /* Resources */,
			);
			buildRules = (
			);
			dependencies = (
				9FBFF7632A12E6C400286E89 /* PBXTargetDependency */,
			);
			name = BreedsProjectTests;
			productName = BreedsProjectTests;
			productReference = 9FBFF7612A12E6C400286E89 /* BreedsProjectTests.xctest */;
			productType = "com.apple.product-type.bundle.unit-test";
		};
		9FBFF76A2A12E6C500286E89 /* BreedsProjectUITests */ = {
			isa = PBXNativeTarget;
			buildConfigurationList = 9FBFF77B2A12E6C500286E89 /* Build configuration list for PBXNativeTarget "BreedsProjectUITests" */;
			buildPhases = (
				9FBFF7672A12E6C500286E89 /* Sources */,
				9FBFF7682A12E6C500286E89 /* Frameworks */,
				9FBFF7692A12E6C500286E89 /* Resources */,
			);
			buildRules = (
			);
			dependencies = (
				9FBFF76D2A12E6C500286E89 /* PBXTargetDependency */,
			);
			name = BreedsProjectUITests;
			productName = BreedsProjectUITests;
			productReference = 9FBFF76B2A12E6C500286E89 /* BreedsProjectUITests.xctest */;
			productType = "com.apple.product-type.bundle.ui-testing";
		};
/* End PBXNativeTarget section */

/* Begin PBXProject section */
		9FBFF7432A12E6C300286E89 /* Project object */ = {
			isa = PBXProject;
			attributes = {
				BuildIndependentTargetsInParallel = 1;
				LastSwiftUpdateCheck = 1420;
				LastUpgradeCheck = 1420;
				TargetAttributes = {
					9FBFF74A2A12E6C300286E89 = {
						CreatedOnToolsVersion = 14.2;
					};
					9FBFF7602A12E6C400286E89 = {
						CreatedOnToolsVersion = 14.2;
						TestTargetID = 9FBFF74A2A12E6C300286E89;
					};
					9FBFF76A2A12E6C500286E89 = {
						CreatedOnToolsVersion = 14.2;
						TestTargetID = 9FBFF74A2A12E6C300286E89;
					};
				};
			};
			buildConfigurationList = 9FBFF7462A12E6C300286E89 /* Build configuration list for PBXProject "BreedsProject" */;
			compatibilityVersion = "Xcode 14.0";
			developmentRegion = en;
			hasScannedForEncodings = 0;
			knownRegions = (
				en,
				Base,
			);
			mainGroup = 9FBFF7422A12E6C300286E89;
			productRefGroup = 9FBFF74C2A12E6C300286E89 /* Products */;
			projectDirPath = "";
			projectRoot = "";
			targets = (
				9FBFF74A2A12E6C300286E89 /* BreedsProject */,
				9FBFF7602A12E6C400286E89 /* BreedsProjectTests */,
				9FBFF76A2A12E6C500286E89 /* BreedsProjectUITests */,
			);
		};
/* End PBXProject section */

/* Begin PBXResourcesBuildPhase section */
		9FBFF7492A12E6C300286E89 /* Resources */ = {
			isa = PBXResourcesBuildPhase;
			buildActionMask = 2147483647;
			files = (
				9FBFF75B2A12E6C400286E89 /* LaunchScreen.storyboard in Resources */,
				9FBFF7582A12E6C400286E89 /* Assets.xcassets in Resources */,
			);
			runOnlyForDeploymentPostprocessing = 0;
		};
		9FBFF75F2A12E6C400286E89 /* Resources */ = {
			isa = PBXResourcesBuildPhase;
			buildActionMask = 2147483647;
			files = (
			);
			runOnlyForDeploymentPostprocessing = 0;
		};
		9FBFF7692A12E6C500286E89 /* Resources */ = {
			isa = PBXResourcesBuildPhase;
			buildActionMask = 2147483647;
			files = (
			);
			runOnlyForDeploymentPostprocessing = 0;
		};
/* End PBXResourcesBuildPhase section */

/* Begin PBXSourcesBuildPhase section */
		9FBFF7472A12E6C300286E89 /* Sources */ = {
			isa = PBXSourcesBuildPhase;
			buildActionMask = 2147483647;
			files = (
				9FBFF7532A12E6C300286E89 /* ViewController.swift in Sources */,
				9FBFF7A62A1573E700286E89 /* ImageModel.swift in Sources */,
				9FBFF78C2A13D17A00286E89 /* Navigator.swift in Sources */,
				9FBFF7B12A1584B500286E89 /* ImageDownloadManager.swift in Sources */,
				9FBFF7962A13D25100286E89 /* ImageCache.swift in Sources */,
				9FBFF7A82A157A0400286E89 /* NetworkManager+Resources.swift in Sources */,
				9FBFF7AC2A157FEE00286E89 /* GridCell.swift in Sources */,
				9FBFF78A2A13D16500286E89 /* CoreDependencies.swift in Sources */,
				9FBFF7A42A15375900286E89 /* BreedModel.swift in Sources */,
				9FBFF7932A13D22900286E89 /* NetworkManager.swift in Sources */,
				9FBFF79C2A13D66C00286E89 /* BreedsViewController.swift in Sources */,
				9FBFF7A02A13DA8C00286E89 /* BreedsSearchViewController.swift in Sources */,
				9FBFF79A2A13D3FA00286E89 /* NavigationProtocols.swift in Sources */,
				9FBFF7AA2A157FDD00286E89 /* ListCell.swift in Sources */,
				9FBFF7AF2A15846500286E89 /* UIView+AutoLayout.swift in Sources */,
				9FBFF79E2A13D67E00286E89 /* BreedsViewModel.swift in Sources */,
				9FBFF74F2A12E6C300286E89 /* AppDelegate.swift in Sources */,
				9FBFF7512A12E6C300286E89 /* SceneDelegate.swift in Sources */,
				9FBFF7A22A13DAA100286E89 /* BreedsSearchViewModel.swift in Sources */,
				9FBFF7912A13D1AA00286E89 /* ViewControllersFactory.swift in Sources */,
			);
			runOnlyForDeploymentPostprocessing = 0;
		};
		9FBFF75D2A12E6C400286E89 /* Sources */ = {
			isa = PBXSourcesBuildPhase;
			buildActionMask = 2147483647;
			files = (
				9FBFF7662A12E6C400286E89 /* BreedsProjectTests.swift in Sources */,
			);
			runOnlyForDeploymentPostprocessing = 0;
		};
		9FBFF7672A12E6C500286E89 /* Sources */ = {
			isa = PBXSourcesBuildPhase;
			buildActionMask = 2147483647;
			files = (
				9FBFF7702A12E6C500286E89 /* BreedsProjectUITests.swift in Sources */,
				9FBFF7722A12E6C500286E89 /* BreedsProjectUITestsLaunchTests.swift in Sources */,
			);
			runOnlyForDeploymentPostprocessing = 0;
		};
/* End PBXSourcesBuildPhase section */

/* Begin PBXTargetDependency section */
		9FBFF7632A12E6C400286E89 /* PBXTargetDependency */ = {
			isa = PBXTargetDependency;
			target = 9FBFF74A2A12E6C300286E89 /* BreedsProject */;
			targetProxy = 9FBFF7622A12E6C400286E89 /* PBXContainerItemProxy */;
		};
		9FBFF76D2A12E6C500286E89 /* PBXTargetDependency */ = {
			isa = PBXTargetDependency;
			target = 9FBFF74A2A12E6C300286E89 /* BreedsProject */;
			targetProxy = 9FBFF76C2A12E6C500286E89 /* PBXContainerItemProxy */;
		};
/* End PBXTargetDependency section */

/* Begin PBXVariantGroup section */
		9FBFF7592A12E6C400286E89 /* LaunchScreen.storyboard */ = {
			isa = PBXVariantGroup;
			children = (
				9FBFF75A2A12E6C400286E89 /* Base */,
			);
			name = LaunchScreen.storyboard;
			sourceTree = "<group>";
		};
/* End PBXVariantGroup section */

/* Begin XCBuildConfiguration section */
		9FBFF7732A12E6C500286E89 /* Debug */ = {
			isa = XCBuildConfiguration;
			buildSettings = {
				ALWAYS_SEARCH_USER_PATHS = NO;
				CLANG_ANALYZER_NONNULL = YES;
				CLANG_ANALYZER_NUMBER_OBJECT_CONVERSION = YES_AGGRESSIVE;
				CLANG_CXX_LANGUAGE_STANDARD = "gnu++20";
				CLANG_ENABLE_MODULES = YES;
				CLANG_ENABLE_OBJC_ARC = YES;
				CLANG_ENABLE_OBJC_WEAK = YES;
				CLANG_WARN_BLOCK_CAPTURE_AUTORELEASING = YES;
				CLANG_WARN_BOOL_CONVERSION = YES;
				CLANG_WARN_COMMA = YES;
				CLANG_WARN_CONSTANT_CONVERSION = YES;
				CLANG_WARN_DEPRECATED_OBJC_IMPLEMENTATIONS = YES;
				CLANG_WARN_DIRECT_OBJC_ISA_USAGE = YES_ERROR;
				CLANG_WARN_DOCUMENTATION_COMMENTS = YES;
				CLANG_WARN_EMPTY_BODY = YES;
				CLANG_WARN_ENUM_CONVERSION = YES;
				CLANG_WARN_INFINITE_RECURSION = YES;
				CLANG_WARN_INT_CONVERSION = YES;
				CLANG_WARN_NON_LITERAL_NULL_CONVERSION = YES;
				CLANG_WARN_OBJC_IMPLICIT_RETAIN_SELF = YES;
				CLANG_WARN_OBJC_LITERAL_CONVERSION = YES;
				CLANG_WARN_OBJC_ROOT_CLASS = YES_ERROR;
				CLANG_WARN_QUOTED_INCLUDE_IN_FRAMEWORK_HEADER = YES;
				CLANG_WARN_RANGE_LOOP_ANALYSIS = YES;
				CLANG_WARN_STRICT_PROTOTYPES = YES;
				CLANG_WARN_SUSPICIOUS_MOVE = YES;
				CLANG_WARN_UNGUARDED_AVAILABILITY = YES_AGGRESSIVE;
				CLANG_WARN_UNREACHABLE_CODE = YES;
				CLANG_WARN__DUPLICATE_METHOD_MATCH = YES;
				COPY_PHASE_STRIP = NO;
				DEBUG_INFORMATION_FORMAT = dwarf;
				ENABLE_STRICT_OBJC_MSGSEND = YES;
				ENABLE_TESTABILITY = YES;
				GCC_C_LANGUAGE_STANDARD = gnu11;
				GCC_DYNAMIC_NO_PIC = NO;
				GCC_NO_COMMON_BLOCKS = YES;
				GCC_OPTIMIZATION_LEVEL = 0;
				GCC_PREPROCESSOR_DEFINITIONS = (
					"DEBUG=1",
					"$(inherited)",
				);
				GCC_WARN_64_TO_32_BIT_CONVERSION = YES;
				GCC_WARN_ABOUT_RETURN_TYPE = YES_ERROR;
				GCC_WARN_UNDECLARED_SELECTOR = YES;
				GCC_WARN_UNINITIALIZED_AUTOS = YES_AGGRESSIVE;
				GCC_WARN_UNUSED_FUNCTION = YES;
				GCC_WARN_UNUSED_VARIABLE = YES;
				IPHONEOS_DEPLOYMENT_TARGET = 16.2;
				MTL_ENABLE_DEBUG_INFO = INCLUDE_SOURCE;
				MTL_FAST_MATH = YES;
				ONLY_ACTIVE_ARCH = YES;
				SDKROOT = iphoneos;
				SWIFT_ACTIVE_COMPILATION_CONDITIONS = DEBUG;
				SWIFT_OPTIMIZATION_LEVEL = "-Onone";
			};
			name = Debug;
		};
		9FBFF7742A12E6C500286E89 /* Release */ = {
			isa = XCBuildConfiguration;
			buildSettings = {
				ALWAYS_SEARCH_USER_PATHS = NO;
				CLANG_ANALYZER_NONNULL = YES;
				CLANG_ANALYZER_NUMBER_OBJECT_CONVERSION = YES_AGGRESSIVE;
				CLANG_CXX_LANGUAGE_STANDARD = "gnu++20";
				CLANG_ENABLE_MODULES = YES;
				CLANG_ENABLE_OBJC_ARC = YES;
				CLANG_ENABLE_OBJC_WEAK = YES;
				CLANG_WARN_BLOCK_CAPTURE_AUTORELEASING = YES;
				CLANG_WARN_BOOL_CONVERSION = YES;
				CLANG_WARN_COMMA = YES;
				CLANG_WARN_CONSTANT_CONVERSION = YES;
				CLANG_WARN_DEPRECATED_OBJC_IMPLEMENTATIONS = YES;
				CLANG_WARN_DIRECT_OBJC_ISA_USAGE = YES_ERROR;
				CLANG_WARN_DOCUMENTATION_COMMENTS = YES;
				CLANG_WARN_EMPTY_BODY = YES;
				CLANG_WARN_ENUM_CONVERSION = YES;
				CLANG_WARN_INFINITE_RECURSION = YES;
				CLANG_WARN_INT_CONVERSION = YES;
				CLANG_WARN_NON_LITERAL_NULL_CONVERSION = YES;
				CLANG_WARN_OBJC_IMPLICIT_RETAIN_SELF = YES;
				CLANG_WARN_OBJC_LITERAL_CONVERSION = YES;
				CLANG_WARN_OBJC_ROOT_CLASS = YES_ERROR;
				CLANG_WARN_QUOTED_INCLUDE_IN_FRAMEWORK_HEADER = YES;
				CLANG_WARN_RANGE_LOOP_ANALYSIS = YES;
				CLANG_WARN_STRICT_PROTOTYPES = YES;
				CLANG_WARN_SUSPICIOUS_MOVE = YES;
				CLANG_WARN_UNGUARDED_AVAILABILITY = YES_AGGRESSIVE;
				CLANG_WARN_UNREACHABLE_CODE = YES;
				CLANG_WARN__DUPLICATE_METHOD_MATCH = YES;
				COPY_PHASE_STRIP = NO;
				DEBUG_INFORMATION_FORMAT = "dwarf-with-dsym";
				ENABLE_NS_ASSERTIONS = NO;
				ENABLE_STRICT_OBJC_MSGSEND = YES;
				GCC_C_LANGUAGE_STANDARD = gnu11;
				GCC_NO_COMMON_BLOCKS = YES;
				GCC_WARN_64_TO_32_BIT_CONVERSION = YES;
				GCC_WARN_ABOUT_RETURN_TYPE = YES_ERROR;
				GCC_WARN_UNDECLARED_SELECTOR = YES;
				GCC_WARN_UNINITIALIZED_AUTOS = YES_AGGRESSIVE;
				GCC_WARN_UNUSED_FUNCTION = YES;
				GCC_WARN_UNUSED_VARIABLE = YES;
				IPHONEOS_DEPLOYMENT_TARGET = 16.2;
				MTL_ENABLE_DEBUG_INFO = NO;
				MTL_FAST_MATH = YES;
				SDKROOT = iphoneos;
				SWIFT_COMPILATION_MODE = wholemodule;
				SWIFT_OPTIMIZATION_LEVEL = "-O";
				VALIDATE_PRODUCT = YES;
			};
			name = Release;
		};
		9FBFF7762A12E6C500286E89 /* Debug */ = {
			isa = XCBuildConfiguration;
			buildSettings = {
				ASSETCATALOG_COMPILER_APPICON_NAME = AppIcon;
				ASSETCATALOG_COMPILER_GLOBAL_ACCENT_COLOR_NAME = AccentColor;
				CODE_SIGN_STYLE = Automatic;
				CURRENT_PROJECT_VERSION = 1;
				DEVELOPMENT_TEAM = 9B73FVZ8L3;
				GENERATE_INFOPLIST_FILE = YES;
				INFOPLIST_FILE = BreedsProject/Info.plist;
				INFOPLIST_KEY_UIApplicationSupportsIndirectInputEvents = YES;
				INFOPLIST_KEY_UILaunchStoryboardName = LaunchScreen;
				INFOPLIST_KEY_UIMainStoryboardFile = "";
				INFOPLIST_KEY_UISupportedInterfaceOrientations_iPad = "UIInterfaceOrientationPortrait UIInterfaceOrientationPortraitUpsideDown UIInterfaceOrientationLandscapeLeft UIInterfaceOrientationLandscapeRight";
				INFOPLIST_KEY_UISupportedInterfaceOrientations_iPhone = "UIInterfaceOrientationPortrait UIInterfaceOrientationLandscapeLeft UIInterfaceOrientationLandscapeRight";
				LD_RUNPATH_SEARCH_PATHS = (
					"$(inherited)",
					"@executable_path/Frameworks",
				);
				MARKETING_VERSION = 1.0;
				PRODUCT_BUNDLE_IDENTIFIER = "Cordeiro-Carlos.BreedsProject";
				PRODUCT_NAME = "$(TARGET_NAME)";
				SWIFT_EMIT_LOC_STRINGS = YES;
				SWIFT_VERSION = 5.0;
				TARGETED_DEVICE_FAMILY = "1,2";
			};
			name = Debug;
		};
		9FBFF7772A12E6C500286E89 /* Release */ = {
			isa = XCBuildConfiguration;
			buildSettings = {
				ASSETCATALOG_COMPILER_APPICON_NAME = AppIcon;
				ASSETCATALOG_COMPILER_GLOBAL_ACCENT_COLOR_NAME = AccentColor;
				CODE_SIGN_STYLE = Automatic;
				CURRENT_PROJECT_VERSION = 1;
				DEVELOPMENT_TEAM = 9B73FVZ8L3;
				GENERATE_INFOPLIST_FILE = YES;
				INFOPLIST_FILE = BreedsProject/Info.plist;
				INFOPLIST_KEY_UIApplicationSupportsIndirectInputEvents = YES;
				INFOPLIST_KEY_UILaunchStoryboardName = LaunchScreen;
				INFOPLIST_KEY_UIMainStoryboardFile = "";
				INFOPLIST_KEY_UISupportedInterfaceOrientations_iPad = "UIInterfaceOrientationPortrait UIInterfaceOrientationPortraitUpsideDown UIInterfaceOrientationLandscapeLeft UIInterfaceOrientationLandscapeRight";
				INFOPLIST_KEY_UISupportedInterfaceOrientations_iPhone = "UIInterfaceOrientationPortrait UIInterfaceOrientationLandscapeLeft UIInterfaceOrientationLandscapeRight";
				LD_RUNPATH_SEARCH_PATHS = (
					"$(inherited)",
					"@executable_path/Frameworks",
				);
				MARKETING_VERSION = 1.0;
				PRODUCT_BUNDLE_IDENTIFIER = "Cordeiro-Carlos.BreedsProject";
				PRODUCT_NAME = "$(TARGET_NAME)";
				SWIFT_EMIT_LOC_STRINGS = YES;
				SWIFT_VERSION = 5.0;
				TARGETED_DEVICE_FAMILY = "1,2";
			};
			name = Release;
		};
		9FBFF7792A12E6C500286E89 /* Debug */ = {
			isa = XCBuildConfiguration;
			buildSettings = {
				ALWAYS_EMBED_SWIFT_STANDARD_LIBRARIES = YES;
				BUNDLE_LOADER = "$(TEST_HOST)";
				CODE_SIGN_STYLE = Automatic;
				CURRENT_PROJECT_VERSION = 1;
				DEVELOPMENT_TEAM = 9B73FVZ8L3;
				GENERATE_INFOPLIST_FILE = YES;
				IPHONEOS_DEPLOYMENT_TARGET = 16.2;
				MARKETING_VERSION = 1.0;
				PRODUCT_BUNDLE_IDENTIFIER = "Cordeiro-Carlos.BreedsProjectTests";
				PRODUCT_NAME = "$(TARGET_NAME)";
				SWIFT_EMIT_LOC_STRINGS = NO;
				SWIFT_VERSION = 5.0;
				TARGETED_DEVICE_FAMILY = "1,2";
				TEST_HOST = "$(BUILT_PRODUCTS_DIR)/BreedsProject.app/$(BUNDLE_EXECUTABLE_FOLDER_PATH)/BreedsProject";
			};
			name = Debug;
		};
		9FBFF77A2A12E6C500286E89 /* Release */ = {
			isa = XCBuildConfiguration;
			buildSettings = {
				ALWAYS_EMBED_SWIFT_STANDARD_LIBRARIES = YES;
				BUNDLE_LOADER = "$(TEST_HOST)";
				CODE_SIGN_STYLE = Automatic;
				CURRENT_PROJECT_VERSION = 1;
				DEVELOPMENT_TEAM = 9B73FVZ8L3;
				GENERATE_INFOPLIST_FILE = YES;
				IPHONEOS_DEPLOYMENT_TARGET = 16.2;
				MARKETING_VERSION = 1.0;
				PRODUCT_BUNDLE_IDENTIFIER = "Cordeiro-Carlos.BreedsProjectTests";
				PRODUCT_NAME = "$(TARGET_NAME)";
				SWIFT_EMIT_LOC_STRINGS = NO;
				SWIFT_VERSION = 5.0;
				TARGETED_DEVICE_FAMILY = "1,2";
				TEST_HOST = "$(BUILT_PRODUCTS_DIR)/BreedsProject.app/$(BUNDLE_EXECUTABLE_FOLDER_PATH)/BreedsProject";
			};
			name = Release;
		};
		9FBFF77C2A12E6C500286E89 /* Debug */ = {
			isa = XCBuildConfiguration;
			buildSettings = {
				ALWAYS_EMBED_SWIFT_STANDARD_LIBRARIES = YES;
				CODE_SIGN_STYLE = Automatic;
				CURRENT_PROJECT_VERSION = 1;
				DEVELOPMENT_TEAM = 9B73FVZ8L3;
				GENERATE_INFOPLIST_FILE = YES;
				MARKETING_VERSION = 1.0;
				PRODUCT_BUNDLE_IDENTIFIER = "Cordeiro-Carlos.BreedsProjectUITests";
				PRODUCT_NAME = "$(TARGET_NAME)";
				SWIFT_EMIT_LOC_STRINGS = NO;
				SWIFT_VERSION = 5.0;
				TARGETED_DEVICE_FAMILY = "1,2";
				TEST_TARGET_NAME = BreedsProject;
			};
			name = Debug;
		};
		9FBFF77D2A12E6C500286E89 /* Release */ = {
			isa = XCBuildConfiguration;
			buildSettings = {
				ALWAYS_EMBED_SWIFT_STANDARD_LIBRARIES = YES;
				CODE_SIGN_STYLE = Automatic;
				CURRENT_PROJECT_VERSION = 1;
				DEVELOPMENT_TEAM = 9B73FVZ8L3;
				GENERATE_INFOPLIST_FILE = YES;
				MARKETING_VERSION = 1.0;
				PRODUCT_BUNDLE_IDENTIFIER = "Cordeiro-Carlos.BreedsProjectUITests";
				PRODUCT_NAME = "$(TARGET_NAME)";
				SWIFT_EMIT_LOC_STRINGS = NO;
				SWIFT_VERSION = 5.0;
				TARGETED_DEVICE_FAMILY = "1,2";
				TEST_TARGET_NAME = BreedsProject;
			};
			name = Release;
		};
/* End XCBuildConfiguration section */

/* Begin XCConfigurationList section */
		9FBFF7462A12E6C300286E89 /* Build configuration list for PBXProject "BreedsProject" */ = {
			isa = XCConfigurationList;
			buildConfigurations = (
				9FBFF7732A12E6C500286E89 /* Debug */,
				9FBFF7742A12E6C500286E89 /* Release */,
			);
			defaultConfigurationIsVisible = 0;
			defaultConfigurationName = Release;
		};
		9FBFF7752A12E6C500286E89 /* Build configuration list for PBXNativeTarget "BreedsProject" */ = {
			isa = XCConfigurationList;
			buildConfigurations = (
				9FBFF7762A12E6C500286E89 /* Debug */,
				9FBFF7772A12E6C500286E89 /* Release */,
			);
			defaultConfigurationIsVisible = 0;
			defaultConfigurationName = Release;
		};
		9FBFF7782A12E6C500286E89 /* Build configuration list for PBXNativeTarget "BreedsProjectTests" */ = {
			isa = XCConfigurationList;
			buildConfigurations = (
				9FBFF7792A12E6C500286E89 /* Debug */,
				9FBFF77A2A12E6C500286E89 /* Release */,
			);
			defaultConfigurationIsVisible = 0;
			defaultConfigurationName = Release;
		};
		9FBFF77B2A12E6C500286E89 /* Build configuration list for PBXNativeTarget "BreedsProjectUITests" */ = {
			isa = XCConfigurationList;
			buildConfigurations = (
				9FBFF77C2A12E6C500286E89 /* Debug */,
				9FBFF77D2A12E6C500286E89 /* Release */,
			);
			defaultConfigurationIsVisible = 0;
			defaultConfigurationName = Release;
		};
/* End XCConfigurationList section */
	};
	rootObject = 9FBFF7432A12E6C300286E89 /* Project object */;
}
